
Microsoft Visual Studio Solution File, Format Version 12.00
# Visual Studio 2013
VisualStudioVersion = 12.0.40629.0
MinimumVisualStudioVersion = 10.0.40219.1
Project("{2150E333-8FDC-42A3-9474-1A3956D46DE8}") = ".build", ".build", "{9F3C04D7-AAA0-4653-825B-9624FF6D975D}"
	ProjectSection(SolutionItems) = preProject
		..\appveyor.yml = ..\appveyor.yml
		..\Build.bat = ..\Build.bat
		..\Build.fsx = ..\Build.fsx
		..\packages.config = ..\packages.config
	EndProjectSection
EndProject
Project("{2150E333-8FDC-42A3-9474-1A3956D46DE8}") = ".misc", ".misc", "{CBA54598-9D98-4FE5-BCDC-8F8FD7F6AA95}"
	ProjectSection(SolutionItems) = preProject
		..\.gitattributes = ..\.gitattributes
		..\.gitignore = ..\.gitignore
		..\LICENSE = ..\LICENSE
		nuget.config = nuget.config
		ProductInfo.cs = ProductInfo.cs
		..\README.md = ..\README.md
		VersionInfo.cs = VersionInfo.cs
	EndProjectSection
EndProject
Project("{2150E333-8FDC-42A3-9474-1A3956D46DE8}") = ".nuget", ".nuget", "{C8DF251B-8EF9-4A12-980A-DE038458159F}"
	ProjectSection(SolutionItems) = preProject
		nuget.config = nuget.config
	EndProjectSection
EndProject
Project("{FAE04EC0-301F-11D3-BF4B-00C04F79EFBC}") = "Core", "Core\Core.csproj", "{456C7033-476D-4CE0-BD95-C9BED4FA7C67}"
EndProject
Project("{FAE04EC0-301F-11D3-BF4B-00C04F79EFBC}") = "Tests", "Tests\Tests.csproj", "{A56429C5-1165-4EE5-85FF-6FD6301379D8}"
EndProject
Project("{FAE04EC0-301F-11D3-BF4B-00C04F79EFBC}") = "CrossCutting.Log4Net", "CrossCutting.Log4Net\CrossCutting.Log4Net.csproj", "{DAEFB918-9A76-4ADB-B36A-F229E1072108}"
EndProject
Project("{FAE04EC0-301F-11D3-BF4B-00C04F79EFBC}") = "CrossCutting.Windsor", "CrossCutting.Windsor\CrossCutting.Windsor.csproj", "{D55F367D-372F-4FC2-A1BD-75315B9BDFA8}"
EndProject
Global
	GlobalSection(SolutionConfigurationPlatforms) = preSolution
		Debug|Any CPU = Debug|Any CPU
		Release|Any CPU = Release|Any CPU
	EndGlobalSection
	GlobalSection(ProjectConfigurationPlatforms) = postSolution
		{456C7033-476D-4CE0-BD95-C9BED4FA7C67}.Debug|Any CPU.ActiveCfg = Debug|Any CPU
		{456C7033-476D-4CE0-BD95-C9BED4FA7C67}.Debug|Any CPU.Build.0 = Debug|Any CPU
		{456C7033-476D-4CE0-BD95-C9BED4FA7C67}.Release|Any CPU.ActiveCfg = Release|Any CPU
		{456C7033-476D-4CE0-BD95-C9BED4FA7C67}.Release|Any CPU.Build.0 = Release|Any CPU
		{A56429C5-1165-4EE5-85FF-6FD6301379D8}.Debug|Any CPU.ActiveCfg = Debug|Any CPU
		{A56429C5-1165-4EE5-85FF-6FD6301379D8}.Debug|Any CPU.Build.0 = Debug|Any CPU
		{A56429C5-1165-4EE5-85FF-6FD6301379D8}.Release|Any CPU.ActiveCfg = Release|Any CPU
		{A56429C5-1165-4EE5-85FF-6FD6301379D8}.Release|Any CPU.Build.0 = Release|Any CPU
		{DAEFB918-9A76-4ADB-B36A-F229E1072108}.Debug|Any CPU.ActiveCfg = Debug|Any CPU
		{DAEFB918-9A76-4ADB-B36A-F229E1072108}.Debug|Any CPU.Build.0 = Debug|Any CPU
		{DAEFB918-9A76-4ADB-B36A-F229E1072108}.Release|Any CPU.ActiveCfg = Release|Any CPU
		{DAEFB918-9A76-4ADB-B36A-F229E1072108}.Release|Any CPU.Build.0 = Release|Any CPU
		{D55F367D-372F-4FC2-A1BD-75315B9BDFA8}.Debug|Any CPU.ActiveCfg = Debug|Any CPU
		{D55F367D-372F-4FC2-A1BD-75315B9BDFA8}.Debug|Any CPU.Build.0 = Debug|Any CPU
		{D55F367D-372F-4FC2-A1BD-75315B9BDFA8}.Release|Any CPU.ActiveCfg = Release|Any CPU
		{D55F367D-372F-4FC2-A1BD-75315B9BDFA8}.Release|Any CPU.Build.0 = Release|Any CPU
	EndGlobalSection
	GlobalSection(SolutionProperties) = preSolution
		HideSolutionNode = FALSE
	EndGlobalSection
EndGlobal
